
Microsoft Visual Studio Solution File, Format Version 12.00
# Visual Studio 15
VisualStudioVersion = 15.0.27703.2000
MinimumVisualStudioVersion = 10.0.40219.1
Project("{9A19103F-16F7-4668-BE54-9A1E7A4F7556}") = "ExtremeServerless.Functions", "ExtremeServerless.Functions\ExtremeServerless.Functions.csproj", "{AE0EB17D-6F29-4B59-B595-8C96CC8E2800}"
EndProject
Project("{9A19103F-16F7-4668-BE54-9A1E7A4F7556}") = "ExtremeServerless.FunctionsV2", "ExtremeServerless.FunctionsV2\ExtremeServerless.FunctionsV2.csproj", "{9563ECC9-477F-486D-9DE0-F8538E51FBB3}"
EndProject
Project("{2150E333-8FDC-42A3-9474-1A3956D46DE8}") = "WebJobs.Extensions.SignalRService", "WebJobs.Extensions.SignalRService", "{907090DB-87B0-4CB0-B4EA-ADA889BD61A3}"
EndProject
Project("{FAE04EC0-301F-11D3-BF4B-00C04F79EFBC}") = "Microsoft.Azure.WebJobs.Extensions.SignalRService", "WebJobs.Extensions.SignalRService\src\Microsoft.Azure.WebJobs.Extensions.SignalRService.csproj", "{AE9A56DB-2498-4D6C-951C-634E954B47FD}"
EndProject
Project("{FAE04EC0-301F-11D3-BF4B-00C04F79EFBC}") = "ExtremeServerless.FunctionsV2-Binding", "ExtremeServerless-FunctionsV2-Binding\ExtremeServerless.FunctionsV2-Binding.csproj", "{DB877791-EFF6-416A-984A-C3BFC841D5CD}"
EndProject
Global
	GlobalSection(SolutionConfigurationPlatforms) = preSolution
		Debug|Any CPU = Debug|Any CPU
		Release|Any CPU = Release|Any CPU
	EndGlobalSection
	GlobalSection(ProjectConfigurationPlatforms) = postSolution
		{AE0EB17D-6F29-4B59-B595-8C96CC8E2800}.Debug|Any CPU.ActiveCfg = Debug|Any CPU
		{AE0EB17D-6F29-4B59-B595-8C96CC8E2800}.Debug|Any CPU.Build.0 = Debug|Any CPU
		{AE0EB17D-6F29-4B59-B595-8C96CC8E2800}.Release|Any CPU.ActiveCfg = Release|Any CPU
		{AE0EB17D-6F29-4B59-B595-8C96CC8E2800}.Release|Any CPU.Build.0 = Release|Any CPU
		{9563ECC9-477F-486D-9DE0-F8538E51FBB3}.Debug|Any CPU.ActiveCfg = Debug|Any CPU
		{9563ECC9-477F-486D-9DE0-F8538E51FBB3}.Debug|Any CPU.Build.0 = Debug|Any CPU
		{9563ECC9-477F-486D-9DE0-F8538E51FBB3}.Release|Any CPU.ActiveCfg = Release|Any CPU
		{9563ECC9-477F-486D-9DE0-F8538E51FBB3}.Release|Any CPU.Build.0 = Release|Any CPU
		{AE9A56DB-2498-4D6C-951C-634E954B47FD}.Debug|Any CPU.ActiveCfg = Debug|Any CPU
		{AE9A56DB-2498-4D6C-951C-634E954B47FD}.Debug|Any CPU.Build.0 = Debug|Any CPU
		{AE9A56DB-2498-4D6C-951C-634E954B47FD}.Release|Any CPU.ActiveCfg = Release|Any CPU
		{AE9A56DB-2498-4D6C-951C-634E954B47FD}.Release|Any CPU.Build.0 = Release|Any CPU
		{DB877791-EFF6-416A-984A-C3BFC841D5CD}.Debug|Any CPU.ActiveCfg = Debug|Any CPU
		{DB877791-EFF6-416A-984A-C3BFC841D5CD}.Debug|Any CPU.Build.0 = Debug|Any CPU
		{DB877791-EFF6-416A-984A-C3BFC841D5CD}.Release|Any CPU.ActiveCfg = Release|Any CPU
		{DB877791-EFF6-416A-984A-C3BFC841D5CD}.Release|Any CPU.Build.0 = Release|Any CPU
	EndGlobalSection
	GlobalSection(SolutionProperties) = preSolution
		HideSolutionNode = FALSE
	EndGlobalSection
	GlobalSection(ExtensibilityGlobals) = postSolution
		SolutionGuid = {B724E284-8673-4EC4-BB32-579589CAA82E}
	EndGlobalSection
	GlobalSection(NestedProjects) = preSolution
		{AE9A56DB-2498-4D6C-951C-634E954B47FD} = {907090DB-87B0-4CB0-B4EA-ADA889BD61A3}
	EndGlobalSection
EndGlobal
